github.com/MarkRosemaker/errpath v0.0.0-20241223110529-3530cd011135 h1:Nl01q9JfiXLRfb8C2YIJZXSxpuiLxHEfvjrQz6Ex75Q=
github.com/MarkRosemaker/errpath v0.0.0-20241223110529-3530cd011135/go.mod h1:VnXpUlsS3n1gSToedcQl2FCARGoA16CyitbCanUIv+I=
github.com/MarkRosemaker/json2yaml v0.0.0-20250114195556-f9332257fc2d h1:uEIZJVHS9SWs3jAzsjFeo0ScILTTc4sc/PPnFeskN+s=
github.com/MarkRosemaker/json2yaml v0.0.0-20250114195556-f9332257fc2d/go.mod h1:1rws36ZCaCMCo+c2oCeKc/d19cPtRQeoW6GQwsQJOq8=
github.com/MarkRosemaker/jsonutil v0.0.0-20250114201208-e81a63afd92c h1:udz3xOyJEKZHFzuHqpNnj8Z+tmSZ6BsjrF8YQAJrxAE=
github.com/MarkRosemaker/jsonutil v0.0.0-20250114201208-e81a63afd92c/go.mod h1:oADYyP2jHXwC80qZwZaRr+3rIBnVNepyGzx/apEx67w=
github.com/MarkRosemaker/openapi v0.0.0-20250210233700-e3da5fd5963f h1:UTIxngr84RB+6lmoBAmdB/kpypWe9ntKrtwqiTnJh7E=
github.com/MarkRosemaker/openapi v0.0.0-20250210233700-e3da5fd5963f/go.mod h1:5jLjGignlPfgP53H7Rf5xhb/olIHLtDar5WRzwOezsQ=
github.com/MarkRosemaker/ordmap v0.0.0-20250114205602-77066c6e652f h1:Y0ZGL4xeQzNJaqZm1RjqjPoeSWplN4BF3JdDNTwosdM=
github.com/MarkRosemaker/ordmap v0.0.0-20250114205602-77066c6e652f/go.mod h1:FXXuqAM5WHRJVkqkebmBR7Xc3jKus86B6Xp4JGo//gs=
github.com/MarkRosemaker/yaml v0.0.0-20250114211012-766c81671567 h1:5eWrbGdxMDiPbkjzaecanBwj7pVjQzpVCkIgmqvZg6U=
github.com/MarkRosemaker/yaml v0.0.0-20250114211012-766c81671567/go.mod h1:YFlsM3ejML747ckTBrEiUTU3fMsUCG+P1Im+GdCbMJc=
github.com/MarkRosemaker/yaml2json v0.0.0-20250114210910-e54fa2e35c95 h1:Ms71wiXAkAQIPhZBF3b+uomH6yZe5XpNpF+UCOO7OII=
github.com/MarkRosemaker/yaml2json v0.0.0-20250114210910-e54fa2e35c95/go.mod h1:29Vwp0gyvimq/M7t01dJ5cAEKC38F4vyulu8g1wrQRU=
github.com/davecgh/go-spew v1.1.1 h1:vj9j/u1bqnvCEfJOwUhtlOARqs3+rkHYY13jYWTU97c=
github.com/davecgh/go-spew v1.1.1/go.mod h1:J7Y8YcW2NihsgmVo/mv3lAwl/skON4iLHjSsI+c5H38=
github.com/go-api-libs/types v0.0.0-20241220214721-81dc6f654a15 h1:qzyov+tF9CXDxENN5cOEIyUif8dkQV4WhXQD2EadSuU=
github.com/go-api-libs/types v0.0.0-20241220214721-81dc6f654a15/go.mod h1:nLeHWQNyIo6OZqGOKsRJeZOIjk3B4owR7U768OjHyqM=
github.com/go-json-experiment/json v0.0.0-20250129011340-4e0381018ad6 h1:7zwULZ01CYYD6IIVPQPO+umwvqbymTboqiQOc21KUgo=
github.com/go-json-experiment/json v0.0.0-20250129011340-4e0381018ad6/go.mod h1:BWmvoE1Xia34f3l/ibJweyhrT+aROb/FQ6d+37F0e2s=
github.com/pmezard/go-difflib v1.0.0 h1:4DBwDE0NGyQoBHbLQYPwSUPoCMWR5BEzIk/f1lZbAQM=
github.com/pmezard/go-difflib v1.0.0/go.mod h1:iKH77koFhYxTK1pcRnkKkqfTogsbg7gZNVY4sRDYZ/4=
github.com/stretchr/testify v1.10.0 h1:Xv5erBjTwe/5IxqUQTdXv5kgmIvbHo3QQyRwhJsOfJA=
github.com/stretchr/testify v1.10.0/go.mod h1:r2ic/lqez/lEtzL7wO/rwa5dbSLXVDPFyf8C91i36aY=
golang.org/x/exp v0.0.0-20250210185358-939b2ce775ac h1:l5+whBCLH3iH2ZNHYLbAe58bo7yrN4mVcnkHDYz5vvs=
golang.org/x/exp v0.0.0-20250210185358-939b2ce775ac/go.mod h1:hH+7mtFmImwwcMvScyxUhjuVHR3HGaDPMn9rMSUUbxo=
gopkg.in/check.v1 v0.0.0-20161208181325-20d25e280405 h1:yhCVgyC4o1eVCa2tZl7eS0r+SDo693bJlVdllGtEeKM=
gopkg.in/check.v1 v0.0.0-20161208181325-20d25e280405/go.mod h1:Co6ibVJAznAaIkqp8huTwlJQCZ016jof/cbN4VW5Yz0=
gopkg.in/yaml.v3 v3.0.1 h1:fxVm/GzAzEWqLHuvctI91KS9hhNmmWOoWu0XTYJS7CA=
gopkg.in/yaml.v3 v3.0.1/go.mod h1:K4uyk7z7BCEPqu6E+C64Yfv1cQ7kz7rIZviUmN+EgEM=
