github.com/MarkRosemaker/errpath v0.0.0-20241223110529-3530cd011135 h1:Nl01q9JfiXLRfb8C2YIJZXSxpuiLxHEfvjrQz6Ex75Q=
github.com/MarkRosemaker/errpath v0.0.0-20241223110529-3530cd011135/go.mod h1:VnXpUlsS3n1gSToedcQl2FCARGoA16CyitbCanUIv+I=
github.com/MarkRosemaker/json2yaml v0.0.0-20251208203737-0c5e035d8679 h1:Ehygu3ptjMIiYoPFAlv1+dhHICgPS7L+frlXgpHrI7s=
github.com/MarkRosemaker/json2yaml v0.0.0-20251208203737-0c5e035d8679/go.mod h1:YClgw4GUdsjwPqIeR87ELIRtUnrePCAAsCR7TfVTTG4=
github.com/MarkRosemaker/jsonutil v0.0.0-20251208205702-a8b03148ea3a h1:rcw/QH8Xm1lrzCB5tWqd0imrSb/24hwlW4tiWHf4XWU=
github.com/MarkRosemaker/jsonutil v0.0.0-20251208205702-a8b03148ea3a/go.mod h1:hVhD9jDm0I/16Y7wIhFe1nQpqqhUFCe76DEI6Kgg9I0=
github.com/MarkRosemaker/openapi v0.0.0-20251210174052-994c84a60e03 h1:p+bcYWuIK2cUupCByU5Wlp+7ftOXdmLKiNFmZEM8ygc=
github.com/MarkRosemaker/openapi v0.0.0-20251210174052-994c84a60e03/go.mod h1:iYGUdPTKIHKZu0lTzKHdYy+mhpRC32jettGJ9GW1a4w=
github.com/MarkRosemaker/ordmap v0.0.0-20251210171329-e85d24015f9c h1:qCEQxKIgSIscW7l79FRWIOlf+qrnb6/Kh4fn7FFMTKg=
github.com/MarkRosemaker/ordmap v0.0.0-20251210171329-e85d24015f9c/go.mod h1:pRdQvnEWzU0LkbLuClxmltn3SM3xBWTtoHTYxdZOal8=
github.com/MarkRosemaker/yaml v0.0.0-20251210071319-19c2e5051239 h1:gXtQQFnhhR3LoXrQms4gRU7MK0ViMaGmSNWPCC2SBYI=
github.com/MarkRosemaker/yaml v0.0.0-20251210071319-19c2e5051239/go.mod h1:ZCsZSBNpmRCahwRpdPHLxxh7nJgu70o//FGuA4ftt+E=
github.com/MarkRosemaker/yaml2json v0.0.0-20251208205025-7b6431088b7b h1:ktptYL4agSegf5F+6qaCQsQQ/w6IKRpsgA0/wIyJyKg=
github.com/MarkRosemaker/yaml2json v0.0.0-20251208205025-7b6431088b7b/go.mod h1:nH8RhjuY1qw+SNHuEHF+HqRRgAClWN1Xhb5eMtFGaJI=
github.com/davecgh/go-spew v1.1.1 h1:vj9j/u1bqnvCEfJOwUhtlOARqs3+rkHYY13jYWTU97c=
github.com/davecgh/go-spew v1.1.1/go.mod h1:J7Y8YcW2NihsgmVo/mv3lAwl/skON4iLHjSsI+c5H38=
github.com/go-api-libs/types v0.0.0-20251210072721-82754f56609d h1:OihMUySw53Oy0DTnE1CAfQ6YkX5/NBaS8Vc2Ww4T56Y=
github.com/go-api-libs/types v0.0.0-20251210072721-82754f56609d/go.mod h1:tJx9kzXjCU+mT7BzZvqg149HnZiHmr8JvbFWsvm5vp0=
github.com/pmezard/go-difflib v1.0.0 h1:4DBwDE0NGyQoBHbLQYPwSUPoCMWR5BEzIk/f1lZbAQM=
github.com/pmezard/go-difflib v1.0.0/go.mod h1:iKH77koFhYxTK1pcRnkKkqfTogsbg7gZNVY4sRDYZ/4=
github.com/stretchr/testify v1.11.1 h1:7s2iGBzp5EwR7/aIZr8ao5+dra3wiQyKjjFuvgVKu7U=
github.com/stretchr/testify v1.11.1/go.mod h1:wZwfW3scLgRK+23gO65QZefKpKQRnfz6sD981Nm4B6U=
golang.org/x/exp v0.0.0-20251209150349-8475f28825e9 h1:MDfG8Cvcqlt9XXrmEiD4epKn7VJHZO84hejP9Jmp0MM=
golang.org/x/exp v0.0.0-20251209150349-8475f28825e9/go.mod h1:EPRbTFwzwjXj9NpYyyrvenVh9Y+GFeEvMNh7Xuz7xgU=
gopkg.in/check.v1 v0.0.0-20161208181325-20d25e280405 h1:yhCVgyC4o1eVCa2tZl7eS0r+SDo693bJlVdllGtEeKM=
gopkg.in/check.v1 v0.0.0-20161208181325-20d25e280405/go.mod h1:Co6ibVJAznAaIkqp8huTwlJQCZ016jof/cbN4VW5Yz0=
gopkg.in/yaml.v3 v3.0.1 h1:fxVm/GzAzEWqLHuvctI91KS9hhNmmWOoWu0XTYJS7CA=
gopkg.in/yaml.v3 v3.0.1/go.mod h1:K4uyk7z7BCEPqu6E+C64Yfv1cQ7kz7rIZviUmN+EgEM=
